// !$*UTF8*$!
{
	archiveVersion = 1;
	classes = {
	};
	objectVersion = 56;
	objects = {

/* Begin PBXBuildFile section */
		A1000001222222220000001 /* MatchMeApp.swift in Sources */ = {isa = PBXBuildFile; fileRef = A1000001111111110000001 /* MatchMeApp.swift */; };
		A1000001222222220000002 /* ContentView.swift in Sources */ = {isa = PBXBuildFile; fileRef = A1000001111111110000002 /* ContentView.swift */; };
		A1000001222222220000003 /* User.swift in Sources */ = {isa = PBXBuildFile; fileRef = A1000001111111110000003 /* User.swift */; };
		A1000001222222220000004 /* Question.swift in Sources */ = {isa = PBXBuildFile; fileRef = A1000001111111110000004 /* Question.swift */; };
		A1000001222222220000005 /* Match.swift in Sources */ = {isa = PBXBuildFile; fileRef = A1000001111111110000005 /* Match.swift */; };
		A1000001222222220000006 /* AppState.swift in Sources */ = {isa = PBXBuildFile; fileRef = A1000001111111110000006 /* AppState.swift */; };
		A1000001222222220000007 /* MatchingService.swift in Sources */ = {isa = PBXBuildFile; fileRef = A1000001111111110000007 /* MatchingService.swift */; };
		A1000001222222220000008 /* OnboardingView.swift in Sources */ = {isa = PBXBuildFile; fileRef = A1000001111111110000008 /* OnboardingView.swift */; };
		A1000001222222220000009 /* InterviewView.swift in Sources */ = {isa = PBXBuildFile; fileRef = A1000001111111110000009 /* InterviewView.swift */; };
		A1000001222222220000010 /* MainTabView.swift in Sources */ = {isa = PBXBuildFile; fileRef = A1000001111111110000010 /* MainTabView.swift */; };
		A1000001222222220000011 /* MatchesView.swift in Sources */ = {isa = PBXBuildFile; fileRef = A1000001111111110000011 /* MatchesView.swift */; };
		A1000001222222220000012 /* MatchDetailView.swift in Sources */ = {isa = PBXBuildFile; fileRef = A1000001111111110000012 /* MatchDetailView.swift */; };
		A1000001222222220000013 /* ProfileView.swift in Sources */ = {isa = PBXBuildFile; fileRef = A1000001111111110000013 /* ProfileView.swift */; };
		A1000001222222220000014 /* Assets.xcassets in Resources */ = {isa = PBXBuildFile; fileRef = A1000001111111110000014 /* Assets.xcassets */; };
/* End PBXBuildFile section */

/* Begin PBXFileReference section */
		A1000001000000000000001 /* MatchMeApp.app */ = {isa = PBXFileReference; explicitFileType = wrapper.application; includeInIndex = 0; path = MatchMeApp.app; sourceTree = BUILT_PRODUCTS_DIR; };
		A1000001111111110000001 /* MatchMeApp.swift */ = {isa = PBXFileReference; lastKnownFileType = sourcecode.swift; path = MatchMeApp.swift; sourceTree = "<group>"; };
		A1000001111111110000002 /* ContentView.swift */ = {isa = PBXFileReference; lastKnownFileType = sourcecode.swift; path = ContentView.swift; sourceTree = "<group>"; };
		A1000001111111110000003 /* User.swift */ = {isa = PBXFileReference; lastKnownFileType = sourcecode.swift; path = User.swift; sourceTree = "<group>"; };
		A1000001111111110000004 /* Question.swift */ = {isa = PBXFileReference; lastKnownFileType = sourcecode.swift; path = Question.swift; sourceTree = "<group>"; };
		A1000001111111110000005 /* Match.swift */ = {isa = PBXFileReference; lastKnownFileType = sourcecode.swift; path = Match.swift; sourceTree = "<group>"; };
		A1000001111111110000006 /* AppState.swift */ = {isa = PBXFileReference; lastKnownFileType = sourcecode.swift; path = AppState.swift; sourceTree = "<group>"; };
		A1000001111111110000007 /* MatchingService.swift */ = {isa = PBXFileReference; lastKnownFileType = sourcecode.swift; path = MatchingService.swift; sourceTree = "<group>"; };
		A1000001111111110000008 /* OnboardingView.swift */ = {isa = PBXFileReference; lastKnownFileType = sourcecode.swift; path = OnboardingView.swift; sourceTree = "<group>"; };
		A1000001111111110000009 /* InterviewView.swift */ = {isa = PBXFileReference; lastKnownFileType = sourcecode.swift; path = InterviewView.swift; sourceTree = "<group>"; };
		A1000001111111110000010 /* MainTabView.swift */ = {isa = PBXFileReference; lastKnownFileType = sourcecode.swift; path = MainTabView.swift; sourceTree = "<group>"; };
		A1000001111111110000011 /* MatchesView.swift */ = {isa = PBXFileReference; lastKnownFileType = sourcecode.swift; path = MatchesView.swift; sourceTree = "<group>"; };
		A1000001111111110000012 /* MatchDetailView.swift */ = {isa = PBXFileReference; lastKnownFileType = sourcecode.swift; path = MatchDetailView.swift; sourceTree = "<group>"; };
		A1000001111111110000013 /* ProfileView.swift */ = {isa = PBXFileReference; lastKnownFileType = sourcecode.swift; path = ProfileView.swift; sourceTree = "<group>"; };
		A1000001111111110000014 /* Assets.xcassets */ = {isa = PBXFileReference; lastKnownFileType = folder.assetcatalog; path = Assets.xcassets; sourceTree = "<group>"; };
/* End PBXFileReference section */

/* Begin PBXGroup section */
		A1000001333333330000001 = {
			isa = PBXGroup;
			children = (
				A1000001333333330000002 /* MatchMeApp */,
				A1000001333333330000003 /* Products */,
			);
			sourceTree = "<group>";
		};
		A1000001333333330000002 /* MatchMeApp */ = {
			isa = PBXGroup;
			children = (
				A1000001111111110000001 /* MatchMeApp.swift */,
				A1000001333333330000004 /* Models */,
				A1000001333333330000005 /* Views */,
				A1000001333333330000006 /* ViewModels */,
				A1000001333333330000007 /* Services */,
				A1000001111111110000014 /* Assets.xcassets */,
			);
			path = MatchMeApp;
			sourceTree = "<group>";
		};
		A1000001333333330000003 /* Products */ = {
			isa = PBXGroup;
			children = (
				A1000001000000000000001 /* MatchMeApp.app */,
			);
			name = Products;
			sourceTree = "<group>";
		};
		A1000001333333330000004 /* Models */ = {
			isa = PBXGroup;
			children = (
				A1000001111111110000003 /* User.swift */,
				A1000001111111110000004 /* Question.swift */,
				A1000001111111110000005 /* Match.swift */,
			);
			path = Models;
			sourceTree = "<group>";
		};
		A1000001333333330000005 /* Views */ = {
			isa = PBXGroup;
			children = (
				A1000001111111110000002 /* ContentView.swift */,
				A1000001111111110000008 /* OnboardingView.swift */,
				A1000001111111110000009 /* InterviewView.swift */,
				A1000001111111110000010 /* MainTabView.swift */,
				A1000001111111110000011 /* MatchesView.swift */,
				A1000001111111110000012 /* MatchDetailView.swift */,
				A1000001111111110000013 /* ProfileView.swift */,
			);
			path = Views;
			sourceTree = "<group>";
		};
		A1000001333333330000006 /* ViewModels */ = {
			isa = PBXGroup;
			children = (
				A1000001111111110000006 /* AppState.swift */,
			);
			path = ViewModels;
			sourceTree = "<group>";
		};
		A1000001333333330000007 /* Services */ = {
			isa = PBXGroup;
			children = (
				A1000001111111110000007 /* MatchingService.swift */,
			);
			path = Services;
			sourceTree = "<group>";
		};
/* End PBXGroup section */

/* Begin PBXNativeTarget section */
		A1000001444444440000001 /* MatchMeApp */ = {
			isa = PBXNativeTarget;
			buildConfigurationList = A1000001555555550000001 /* Build configuration list for PBXNativeTarget "MatchMeApp" */;
			buildPhases = (
				A1000001444444440000002 /* Sources */,
				A1000001444444440000003 /* Resources */,
			);
			buildRules = (
			);
			dependencies = (
			);
			name = MatchMeApp;
			productName = MatchMeApp;
			productReference = A1000001000000000000001 /* MatchMeApp.app */;
			productType = "com.apple.product-type.application";
		};
/* End PBXNativeTarget section */

/* Begin PBXProject section */
		A1000001666666660000001 /* Project object */ = {
			isa = PBXProject;
			attributes = {
				BuildIndependentTargetsInParallel = 1;
				LastSwiftUpdateCheck = 1500;
				LastUpgradeCheck = 1500;
				TargetAttributes = {
					A1000001444444440000001 = {
						CreatedOnToolsVersion = 15.0;
					};
				};
			};
			buildConfigurationList = A1000001555555550000002 /* Build configuration list for PBXProject "MatchMeApp" */;
			compatibilityVersion = "Xcode 14.0";
			developmentRegion = en;
			hasScannedForEncodings = 0;
			knownRegions = (
				en,
				Base,
			);
			mainGroup = A1000001333333330000001;
			productRefGroup = A1000001333333330000003 /* Products */;
			projectDirPath = "";
			projectRoot = "";
			targets = (
				A1000001444444440000001 /* MatchMeApp */,
			);
		};
/* End PBXProject section */

/* Begin PBXResourcesBuildPhase section */
		A1000001444444440000003 /* Resources */ = {
			isa = PBXResourcesBuildPhase;
			buildActionMask = 2147483647;
			files = (
				A1000001222222220000014 /* Assets.xcassets in Resources */,
			);
			runOnlyForDeploymentPostprocessing = 0;
		};
/* End PBXResourcesBuildPhase section */

/* Begin PBXSourcesBuildPhase section */
		A1000001444444440000002 /* Sources */ = {
			isa = PBXSourcesBuildPhase;
			buildActionMask = 2147483647;
			files = (
				A1000001222222220000001 /* MatchMeApp.swift in Sources */,
				A1000001222222220000002 /* ContentView.swift in Sources */,
				A1000001222222220000003 /* User.swift in Sources */,
				A1000001222222220000004 /* Question.swift in Sources */,
				A1000001222222220000005 /* Match.swift in Sources */,
				A1000001222222220000006 /* AppState.swift in Sources */,
				A1000001222222220000007 /* MatchingService.swift in Sources */,
				A1000001222222220000008 /* OnboardingView.swift in Sources */,
				A1000001222222220000009 /* InterviewView.swift in Sources */,
				A1000001222222220000010 /* MainTabView.swift in Sources */,
				A1000001222222220000011 /* MatchesView.swift in Sources */,
				A1000001222222220000012 /* MatchDetailView.swift in Sources */,
				A1000001222222220000013 /* ProfileView.swift in Sources */,
			);
			runOnlyForDeploymentPostprocessing = 0;
		};
/* End PBXSourcesBuildPhase section */

/* Begin XCBuildConfiguration section */
		A1000001777777770000001 /* Debug */ = {
			isa = XCBuildConfiguration;
			buildSettings = {
				ASSETCATALOG_COMPILER_APPICON_NAME = AppIcon;
				ASSETCATALOG_COMPILER_GLOBAL_ACCENT_COLOR_NAME = AccentColor;
				CODE_SIGN_STYLE = Automatic;
				CURRENT_PROJECT_VERSION = 1;
				DEVELOPMENT_ASSET_PATHS = "";
				ENABLE_PREVIEWS = YES;
				GENERATE_INFOPLIST_FILE = YES;
				INFOPLIST_KEY_UIApplicationSceneManifest_Generation = YES;
				INFOPLIST_KEY_UIApplicationSupportsIndirectInputEvents = YES;
				INFOPLIST_KEY_UILaunchScreen_Generation = YES;
				INFOPLIST_KEY_UISupportedInterfaceOrientations_iPad = "UIInterfaceOrientationPortrait UIInterfaceOrientationPortraitUpsideDown UIInterfaceOrientationLandscapeLeft UIInterfaceOrientationLandscapeRight";
				INFOPLIST_KEY_UISupportedInterfaceOrientations_iPhone = "UIInterfaceOrientationPortrait UIInterfaceOrientationLandscapeLeft UIInterfaceOrientationLandscapeRight";
				IPHONEOS_DEPLOYMENT_TARGET = 17.0;
				LD_RUNPATH_SEARCH_PATHS = (
					"$(inherited)",
					"@executable_path/Frameworks",
				);
				MARKETING_VERSION = 1.0;
				PRODUCT_BUNDLE_IDENTIFIER = com.matchme.MatchMeApp;
				PRODUCT_NAME = "$(TARGET_NAME)";
				SDKROOT = iphoneos;
				SWIFT_EMIT_LOC_STRINGS = YES;
				SWIFT_VERSION = 5.0;
				TARGETED_DEVICE_FAMILY = "1,2";
			};
			name = Debug;
		};
		A1000001777777770000002 /* Release */ = {
			isa = XCBuildConfiguration;
			buildSettings = {
				ASSETCATALOG_COMPILER_APPICON_NAME = AppIcon;
				ASSETCATALOG_COMPILER_GLOBAL_ACCENT_COLOR_NAME = AccentColor;
				CODE_SIGN_STYLE = Automatic;
				CURRENT_PROJECT_VERSION = 1;
				DEVELOPMENT_ASSET_PATHS = "";
				ENABLE_PREVIEWS = YES;
				GENERATE_INFOPLIST_FILE = YES;
				INFOPLIST_KEY_UIApplicationSceneManifest_Generation = YES;
				INFOPLIST_KEY_UIApplicationSupportsIndirectInputEvents = YES;
				INFOPLIST_KEY_UILaunchScreen_Generation = YES;
				INFOPLIST_KEY_UISupportedInterfaceOrientations_iPad = "UIInterfaceOrientationPortrait UIInterfaceOrientationPortraitUpsideDown UIInterfaceOrientationLandscapeLeft UIInterfaceOrientationLandscapeRight";
				INFOPLIST_KEY_UISupportedInterfaceOrientations_iPhone = "UIInterfaceOrientationPortrait UIInterfaceOrientationLandscapeLeft UIInterfaceOrientationLandscapeRight";
				IPHONEOS_DEPLOYMENT_TARGET = 17.0;
				LD_RUNPATH_SEARCH_PATHS = (
					"$(inherited)",
					"@executable_path/Frameworks",
				);
				MARKETING_VERSION = 1.0;
				PRODUCT_BUNDLE_IDENTIFIER = com.matchme.MatchMeApp;
				PRODUCT_NAME = "$(TARGET_NAME)";
				SDKROOT = iphoneos;
				SWIFT_EMIT_LOC_STRINGS = YES;
				SWIFT_VERSION = 5.0;
				TARGETED_DEVICE_FAMILY = "1,2";
			};
			name = Release;
		};
		A1000001777777770000003 /* Debug */ = {
			isa = XCBuildConfiguration;
			buildSettings = {
				ALWAYS_SEARCH_USER_PATHS = NO;
				ASSETCATALOG_COMPILER_GENERATE_SWIFT_ASSET_SYMBOL_EXTENSIONS = YES;
				CLANG_ANALYZER_NONNULL = YES;
				CLANG_ANALYZER_NUMBER_OBJECT_CONVERSION = YES_AGGRESSIVE;
				CLANG_CXX_LANGUAGE_STANDARD = "gnu++20";
				CLANG_ENABLE_MODULES = YES;
				CLANG_ENABLE_OBJC_ARC = YES;
				CLANG_ENABLE_OBJC_WEAK = YES;
				CLANG_WARN_BLOCK_CAPTURE_AUTORELEASING = YES;
				CLANG_WARN_BOOL_CONVERSION = YES;
				CLANG_WARN_COMMA = YES;
				CLANG_WARN_CONSTANT_CONVERSION = YES;
				CLANG_WARN_DEPRECATED_OBJC_IMPLEMENTATIONS = YES;
				CLANG_WARN_DIRECT_OBJC_ISA_USAGE = YES_ERROR;
				CLANG_WARN_DOCUMENTATION_COMMENTS = YES;
				CLANG_WARN_EMPTY_BODY = YES;
				CLANG_WARN_ENUM_CONVERSION = YES;
				CLANG_WARN_INFINITE_RECURSION = YES;
				CLANG_WARN_INT_CONVERSION = YES;
				CLANG_WARN_NON_LITERAL_NULL_CONVERSION = YES;
				CLANG_WARN_OBJC_IMPLICIT_RETAIN_SELF = YES;
				CLANG_WARN_OBJC_LITERAL_CONVERSION = YES;
				CLANG_WARN_OBJC_ROOT_CLASS = YES_ERROR;
				CLANG_WARN_QUOTED_INCLUDE_IN_FRAMEWORK_HEADER = YES;
				CLANG_WARN_RANGE_LOOP_ANALYSIS = YES;
				CLANG_WARN_STRICT_PROTOTYPES = YES;
				CLANG_WARN_SUSPICIOUS_MOVE = YES;
				CLANG_WARN_UNGUARDED_AVAILABILITY = YES_AGGRESSIVE;
				CLANG_WARN_UNREACHABLE_CODE = YES;
				CLANG_WARN__DUPLICATE_METHOD_MATCH = YES;
				COPY_PHASE_STRIP = NO;
				DEBUG_INFORMATION_FORMAT = dwarf;
				ENABLE_STRICT_OBJC_MSGSEND = YES;
				ENABLE_TESTABILITY = YES;
				ENABLE_USER_SCRIPT_SANDBOXING = YES;
				GCC_C_LANGUAGE_STANDARD = gnu17;
				GCC_DYNAMIC_NO_PIC = NO;
				GCC_NO_COMMON_BLOCKS = YES;
				GCC_OPTIMIZATION_LEVEL = 0;
				GCC_PREPROCESSOR_DEFINITIONS = (
					"DEBUG=1",
					"$(inherited)",
				);
				GCC_WARN_64_TO_32_BIT_CONVERSION = YES;
				GCC_WARN_ABOUT_RETURN_TYPE = YES_ERROR;
				GCC_WARN_UNDECLARED_SELECTOR = YES;
				GCC_WARN_UNINITIALIZED_AUTOS = YES_AGGRESSIVE;
				GCC_WARN_UNUSED_FUNCTION = YES;
				GCC_WARN_UNUSED_VARIABLE = YES;
				LOCALIZATION_PREFERS_STRING_CATALOGS = YES;
				MTL_ENABLE_DEBUG_INFO = INCLUDE_SOURCE;
				MTL_FAST_MATH = YES;
				ONLY_ACTIVE_ARCH = YES;
				SWIFT_ACTIVE_COMPILATION_CONDITIONS = "DEBUG $(inherited)";
				SWIFT_OPTIMIZATION_LEVEL = "-Onone";
			};
			name = Debug;
		};
		A1000001777777770000004 /* Release */ = {
			isa = XCBuildConfiguration;
			buildSettings = {
				ALWAYS_SEARCH_USER_PATHS = NO;
				ASSETCATALOG_COMPILER_GENERATE_SWIFT_ASSET_SYMBOL_EXTENSIONS = YES;
				CLANG_ANALYZER_NONNULL = YES;
				CLANG_ANALYZER_NUMBER_OBJECT_CONVERSION = YES_AGGRESSIVE;
				CLANG_CXX_LANGUAGE_STANDARD = "gnu++20";
				CLANG_ENABLE_MODULES = YES;
				CLANG_ENABLE_OBJC_ARC = YES;
				CLANG_ENABLE_OBJC_WEAK = YES;
				CLANG_WARN_BLOCK_CAPTURE_AUTORELEASING = YES;
				CLANG_WARN_BOOL_CONVERSION = YES;
				CLANG_WARN_COMMA = YES;
				CLANG_WARN_CONSTANT_CONVERSION = YES;
				CLANG_WARN_DEPRECATED_OBJC_IMPLEMENTATIONS = YES;
				CLANG_WARN_DIRECT_OBJC_ISA_USAGE = YES_ERROR;
				CLANG_WARN_DOCUMENTATION_COMMENTS = YES;
				CLANG_WARN_EMPTY_BODY = YES;
				CLANG_WARN_ENUM_CONVERSION = YES;
				CLANG_WARN_INFINITE_RECURSION = YES;
				CLANG_WARN_INT_CONVERSION = YES;
				CLANG_WARN_NON_LITERAL_NULL_CONVERSION = YES;
				CLANG_WARN_OBJC_IMPLICIT_RETAIN_SELF = YES;
				CLANG_WARN_OBJC_LITERAL_CONVERSION = YES;
				CLANG_WARN_OBJC_ROOT_CLASS = YES_ERROR;
				CLANG_WARN_QUOTED_INCLUDE_IN_FRAMEWORK_HEADER = YES;
				CLANG_WARN_RANGE_LOOP_ANALYSIS = YES;
				CLANG_WARN_STRICT_PROTOTYPES = YES;
				CLANG_WARN_SUSPICIOUS_MOVE = YES;
				CLANG_WARN_UNGUARDED_AVAILABILITY = YES_AGGRESSIVE;
				CLANG_WARN_UNREACHABLE_CODE = YES;
				CLANG_WARN__DUPLICATE_METHOD_MATCH = YES;
				COPY_PHASE_STRIP = NO;
				DEBUG_INFORMATION_FORMAT = "dwarf-with-dsym";
				ENABLE_NS_ASSERTIONS = NO;
				ENABLE_STRICT_OBJC_MSGSEND = YES;
				ENABLE_USER_SCRIPT_SANDBOXING = YES;
				GCC_C_LANGUAGE_STANDARD = gnu17;
				GCC_NO_COMMON_BLOCKS = YES;
				GCC_WARN_64_TO_32_BIT_CONVERSION = YES;
				GCC_WARN_ABOUT_RETURN_TYPE = YES_ERROR;
				GCC_WARN_UNDECLARED_SELECTOR = YES;
				GCC_WARN_UNINITIALIZED_AUTOS = YES_AGGRESSIVE;
				GCC_WARN_UNUSED_FUNCTION = YES;
				GCC_WARN_UNUSED_VARIABLE = YES;
				LOCALIZATION_PREFERS_STRING_CATALOGS = YES;
				MTL_ENABLE_DEBUG_INFO = NO;
				MTL_FAST_MATH = YES;
				SWIFT_COMPILATION_MODE = wholemodule;
			};
			name = Release;
		};
/* End XCBuildConfiguration section */

/* Begin XCConfigurationList section */
		A1000001555555550000001 /* Build configuration list for PBXNativeTarget "MatchMeApp" */ = {
			isa = XCConfigurationList;
			buildConfigurations = (
				A1000001777777770000001 /* Debug */,
				A1000001777777770000002 /* Release */,
			);
			defaultConfigurationIsVisible = 0;
			defaultConfigurationName = Release;
		};
		A1000001555555550000002 /* Build configuration list for PBXProject "MatchMeApp" */ = {
			isa = XCConfigurationList;
			buildConfigurations = (
				A1000001777777770000003 /* Debug */,
				A1000001777777770000004 /* Release */,
			);
			defaultConfigurationIsVisible = 0;
			defaultConfigurationName = Release;
		};
/* End XCConfigurationList section */
	};
	rootObject = A1000001666666660000001 /* Project object */;
}
